Microsoft Visual Studio Solution File, Format Version 11.00
# Visual Studio 2008

Project("{4FD8A7F9-113F-3421-A143-0BC159C89287}") = "Android Ball Game", "Assembly-CSharp.csproj", "{6A040A81-76F8-9968-DDFD-C0CF4A5129B8}"
EndProject
Global
	GlobalSection(SolutionConfigurationPlatforms) = preSolution
		Debug|Any CPU = Debug|Any CPU
		Release|Any CPU = Release|Any CPU
	EndGlobalSection
	GlobalSection(ProjectConfigurationPlatforms) = postSolution
		{6A040A81-76F8-9968-DDFD-C0CF4A5129B8}.Debug|Any CPU.ActiveCfg = Debug|Any CPU
		{6A040A81-76F8-9968-DDFD-C0CF4A5129B8}.Debug|Any CPU.Build.0 = Debug|Any CPU
		{6A040A81-76F8-9968-DDFD-C0CF4A5129B8}.Release|Any CPU.ActiveCfg = Release|Any CPU
		{6A040A81-76F8-9968-DDFD-C0CF4A5129B8}.Release|Any CPU.Build.0 = Release|Any CPU
	EndGlobalSection
	GlobalSection(SolutionProperties) = preSolution
		HideSolutionNode = FALSE
	EndGlobalSection
	GlobalSection(MonoDevelopProperties) = preSolution
		StartupItem = Assembly-CSharp.csproj
	EndGlobalSection
EndGlobal
